// !$*UTF8*$!
{
	archiveVersion = 1;
	classes = {
	};
	objectVersion = 48;
	objects = {

/* Begin PBXBuildFile section */
		C22F70F98D6FB5E7A30385B2 /* libPods-PlayableAdsDemo.a in Frameworks */ = {isa = PBXBuildFile; fileRef = C0799E3856B1D58ABA234580 /* libPods-PlayableAdsDemo.a */; };
		C758B4DC1FAFFBC8009CE8E9 /* AppDelegate.m in Sources */ = {isa = PBXBuildFile; fileRef = C758B4DB1FAFFBC8009CE8E9 /* AppDelegate.m */; };
		C758B4DF1FAFFBC8009CE8E9 /* ViewController.m in Sources */ = {isa = PBXBuildFile; fileRef = C758B4DE1FAFFBC8009CE8E9 /* ViewController.m */; };
		C758B4E21FAFFBC8009CE8E9 /* Main.storyboard in Resources */ = {isa = PBXBuildFile; fileRef = C758B4E01FAFFBC8009CE8E9 /* Main.storyboard */; };
		C758B4E41FAFFBC8009CE8E9 /* Assets.xcassets in Resources */ = {isa = PBXBuildFile; fileRef = C758B4E31FAFFBC8009CE8E9 /* Assets.xcassets */; };
		C758B4E71FAFFBC8009CE8E9 /* LaunchScreen.storyboard in Resources */ = {isa = PBXBuildFile; fileRef = C758B4E51FAFFBC8009CE8E9 /* LaunchScreen.storyboard */; };
		C758B4EA1FAFFBC8009CE8E9 /* main.m in Sources */ = {isa = PBXBuildFile; fileRef = C758B4E91FAFFBC8009CE8E9 /* main.m */; };
		C758B4F41FAFFBC9009CE8E9 /* PlayableAdsDemoTests.m in Sources */ = {isa = PBXBuildFile; fileRef = C758B4F31FAFFBC9009CE8E9 /* PlayableAdsDemoTests.m */; };
		D4B8A4E372DF146806E7D446 /* libPods-PlayableAdsDemoTests.a in Frameworks */ = {isa = PBXBuildFile; fileRef = 40507A429AD336F95C03F2B5 /* libPods-PlayableAdsDemoTests.a */; };
/* End PBXBuildFile section */

/* Begin PBXContainerItemProxy section */
		C758B4F01FAFFBC9009CE8E9 /* PBXContainerItemProxy */ = {
			isa = PBXContainerItemProxy;
			containerPortal = C758B4CF1FAFFBC8009CE8E9 /* Project object */;
			proxyType = 1;
			remoteGlobalIDString = C758B4D61FAFFBC8009CE8E9;
			remoteInfo = PlayableAdsDemo;
		};
/* End PBXContainerItemProxy section */

/* Begin PBXFileReference section */
		09CF04BC11D43444CFDEB811 /* Pods-PlayableAdsDemo.debug.xcconfig */ = {isa = PBXFileReference; includeInIndex = 1; lastKnownFileType = text.xcconfig; name = "Pods-PlayableAdsDemo.debug.xcconfig"; path = "Pods/Target Support Files/Pods-PlayableAdsDemo/Pods-PlayableAdsDemo.debug.xcconfig"; sourceTree = "<group>"; };
		136CA88829B5A679859D6775 /* Pods-PlayableAdsDemoTests.debug.xcconfig */ = {isa = PBXFileReference; includeInIndex = 1; lastKnownFileType = text.xcconfig; name = "Pods-PlayableAdsDemoTests.debug.xcconfig"; path = "Pods/Target Support Files/Pods-PlayableAdsDemoTests/Pods-PlayableAdsDemoTests.debug.xcconfig"; sourceTree = "<group>"; };
		40507A429AD336F95C03F2B5 /* libPods-PlayableAdsDemoTests.a */ = {isa = PBXFileReference; explicitFileType = archive.ar; includeInIndex = 0; path = "libPods-PlayableAdsDemoTests.a"; sourceTree = BUILT_PRODUCTS_DIR; };
		70511BFC20E9C25FCA44C77C /* Pods-PlayableAdsDemo.release.xcconfig */ = {isa = PBXFileReference; includeInIndex = 1; lastKnownFileType = text.xcconfig; name = "Pods-PlayableAdsDemo.release.xcconfig"; path = "Pods/Target Support Files/Pods-PlayableAdsDemo/Pods-PlayableAdsDemo.release.xcconfig"; sourceTree = "<group>"; };
		C0799E3856B1D58ABA234580 /* libPods-PlayableAdsDemo.a */ = {isa = PBXFileReference; explicitFileType = archive.ar; includeInIndex = 0; path = "libPods-PlayableAdsDemo.a"; sourceTree = BUILT_PRODUCTS_DIR; };
		C758B4D71FAFFBC8009CE8E9 /* PlayableAdsDemo.app */ = {isa = PBXFileReference; explicitFileType = wrapper.application; includeInIndex = 0; path = PlayableAdsDemo.app; sourceTree = BUILT_PRODUCTS_DIR; };
		C758B4DA1FAFFBC8009CE8E9 /* AppDelegate.h */ = {isa = PBXFileReference; lastKnownFileType = sourcecode.c.h; path = AppDelegate.h; sourceTree = "<group>"; };
		C758B4DB1FAFFBC8009CE8E9 /* AppDelegate.m */ = {isa = PBXFileReference; lastKnownFileType = sourcecode.c.objc; path = AppDelegate.m; sourceTree = "<group>"; };
		C758B4DD1FAFFBC8009CE8E9 /* ViewController.h */ = {isa = PBXFileReference; lastKnownFileType = sourcecode.c.h; path = ViewController.h; sourceTree = "<group>"; };
		C758B4DE1FAFFBC8009CE8E9 /* ViewController.m */ = {isa = PBXFileReference; lastKnownFileType = sourcecode.c.objc; path = ViewController.m; sourceTree = "<group>"; };
		C758B4E11FAFFBC8009CE8E9 /* Base */ = {isa = PBXFileReference; lastKnownFileType = file.storyboard; name = Base; path = Base.lproj/Main.storyboard; sourceTree = "<group>"; };
		C758B4E31FAFFBC8009CE8E9 /* Assets.xcassets */ = {isa = PBXFileReference; lastKnownFileType = folder.assetcatalog; path = Assets.xcassets; sourceTree = "<group>"; };
		C758B4E61FAFFBC8009CE8E9 /* Base */ = {isa = PBXFileReference; lastKnownFileType = file.storyboard; name = Base; path = Base.lproj/LaunchScreen.storyboard; sourceTree = "<group>"; };
		C758B4E81FAFFBC8009CE8E9 /* Info.plist */ = {isa = PBXFileReference; lastKnownFileType = text.plist.xml; path = Info.plist; sourceTree = "<group>"; };
		C758B4E91FAFFBC8009CE8E9 /* main.m */ = {isa = PBXFileReference; lastKnownFileType = sourcecode.c.objc; path = main.m; sourceTree = "<group>"; };
		C758B4EF1FAFFBC8009CE8E9 /* PlayableAdsDemoTests.xctest */ = {isa = PBXFileReference; explicitFileType = wrapper.cfbundle; includeInIndex = 0; path = PlayableAdsDemoTests.xctest; sourceTree = BUILT_PRODUCTS_DIR; };
		C758B4F31FAFFBC9009CE8E9 /* PlayableAdsDemoTests.m */ = {isa = PBXFileReference; lastKnownFileType = sourcecode.c.objc; path = PlayableAdsDemoTests.m; sourceTree = "<group>"; };
		C758B4F51FAFFBC9009CE8E9 /* Info.plist */ = {isa = PBXFileReference; lastKnownFileType = text.plist.xml; path = Info.plist; sourceTree = "<group>"; };
		F8B0025C7264694452126BE0 /* Pods-PlayableAdsDemoTests.release.xcconfig */ = {isa = PBXFileReference; includeInIndex = 1; lastKnownFileType = text.xcconfig; name = "Pods-PlayableAdsDemoTests.release.xcconfig"; path = "Pods/Target Support Files/Pods-PlayableAdsDemoTests/Pods-PlayableAdsDemoTests.release.xcconfig"; sourceTree = "<group>"; };
/* End PBXFileReference section */

/* Begin PBXFrameworksBuildPhase section */
		C758B4D41FAFFBC8009CE8E9 /* Frameworks */ = {
			isa = PBXFrameworksBuildPhase;
			buildActionMask = 2147483647;
			files = (
				C22F70F98D6FB5E7A30385B2 /* libPods-PlayableAdsDemo.a in Frameworks */,
			);
			runOnlyForDeploymentPostprocessing = 0;
		};
		C758B4EC1FAFFBC8009CE8E9 /* Frameworks */ = {
			isa = PBXFrameworksBuildPhase;
			buildActionMask = 2147483647;
			files = (
				D4B8A4E372DF146806E7D446 /* libPods-PlayableAdsDemoTests.a in Frameworks */,
			);
			runOnlyForDeploymentPostprocessing = 0;
		};
/* End PBXFrameworksBuildPhase section */

/* Begin PBXGroup section */
		C758B4CE1FAFFBC8009CE8E9 = {
			isa = PBXGroup;
			children = (
				C758B4D91FAFFBC8009CE8E9 /* PlayableAdsDemo */,
				C758B4F21FAFFBC9009CE8E9 /* PlayableAdsDemoTests */,
				C758B4D81FAFFBC8009CE8E9 /* Products */,
				DF46610B8150F06206D98E0C /* Pods */,
				D2FABF73D8A5531632ED6644 /* Frameworks */,
			);
			sourceTree = "<group>";
		};
		C758B4D81FAFFBC8009CE8E9 /* Products */ = {
			isa = PBXGroup;
			children = (
				C758B4D71FAFFBC8009CE8E9 /* PlayableAdsDemo.app */,
				C758B4EF1FAFFBC8009CE8E9 /* PlayableAdsDemoTests.xctest */,
			);
			name = Products;
			sourceTree = "<group>";
		};
		C758B4D91FAFFBC8009CE8E9 /* PlayableAdsDemo */ = {
			isa = PBXGroup;
			children = (
				C758B4DA1FAFFBC8009CE8E9 /* AppDelegate.h */,
				C758B4DB1FAFFBC8009CE8E9 /* AppDelegate.m */,
				C758B4DD1FAFFBC8009CE8E9 /* ViewController.h */,
				C758B4DE1FAFFBC8009CE8E9 /* ViewController.m */,
				C758B4E01FAFFBC8009CE8E9 /* Main.storyboard */,
				C758B4E31FAFFBC8009CE8E9 /* Assets.xcassets */,
				C758B4E51FAFFBC8009CE8E9 /* LaunchScreen.storyboard */,
				C758B4E81FAFFBC8009CE8E9 /* Info.plist */,
				C758B4E91FAFFBC8009CE8E9 /* main.m */,
			);
			path = PlayableAdsDemo;
			sourceTree = "<group>";
		};
		C758B4F21FAFFBC9009CE8E9 /* PlayableAdsDemoTests */ = {
			isa = PBXGroup;
			children = (
				C758B4F31FAFFBC9009CE8E9 /* PlayableAdsDemoTests.m */,
				C758B4F51FAFFBC9009CE8E9 /* Info.plist */,
			);
			path = PlayableAdsDemoTests;
			sourceTree = "<group>";
		};
		D2FABF73D8A5531632ED6644 /* Frameworks */ = {
			isa = PBXGroup;
			children = (
				C0799E3856B1D58ABA234580 /* libPods-PlayableAdsDemo.a */,
				40507A429AD336F95C03F2B5 /* libPods-PlayableAdsDemoTests.a */,
			);
			name = Frameworks;
			sourceTree = "<group>";
		};
		DF46610B8150F06206D98E0C /* Pods */ = {
			isa = PBXGroup;
			children = (
				09CF04BC11D43444CFDEB811 /* Pods-PlayableAdsDemo.debug.xcconfig */,
				70511BFC20E9C25FCA44C77C /* Pods-PlayableAdsDemo.release.xcconfig */,
				136CA88829B5A679859D6775 /* Pods-PlayableAdsDemoTests.debug.xcconfig */,
				F8B0025C7264694452126BE0 /* Pods-PlayableAdsDemoTests.release.xcconfig */,
			);
			name = Pods;
			sourceTree = "<group>";
		};
/* End PBXGroup section */

/* Begin PBXNativeTarget section */
		C758B4D61FAFFBC8009CE8E9 /* PlayableAdsDemo */ = {
			isa = PBXNativeTarget;
			buildConfigurationList = C758B4F81FAFFBC9009CE8E9 /* Build configuration list for PBXNativeTarget "PlayableAdsDemo" */;
			buildPhases = (
				A368ED822D5820E4C2F685CA /* [CP] Check Pods Manifest.lock */,
				C758B4D31FAFFBC8009CE8E9 /* Sources */,
				C758B4D41FAFFBC8009CE8E9 /* Frameworks */,
				C758B4D51FAFFBC8009CE8E9 /* Resources */,
				468C29BAB66323DC9AA23A43 /* [CP] Copy Pods Resources */,
			);
			buildRules = (
			);
			dependencies = (
			);
			name = PlayableAdsDemo;
			productName = PlayableAdsDemo;
			productReference = C758B4D71FAFFBC8009CE8E9 /* PlayableAdsDemo.app */;
			productType = "com.apple.product-type.application";
		};
		C758B4EE1FAFFBC8009CE8E9 /* PlayableAdsDemoTests */ = {
			isa = PBXNativeTarget;
			buildConfigurationList = C758B4FB1FAFFBC9009CE8E9 /* Build configuration list for PBXNativeTarget "PlayableAdsDemoTests" */;
			buildPhases = (
				BB5D7BCE070F5FD2978011F8 /* [CP] Check Pods Manifest.lock */,
				C758B4EB1FAFFBC8009CE8E9 /* Sources */,
				C758B4EC1FAFFBC8009CE8E9 /* Frameworks */,
				C758B4ED1FAFFBC8009CE8E9 /* Resources */,
			);
			buildRules = (
			);
			dependencies = (
				C758B4F11FAFFBC9009CE8E9 /* PBXTargetDependency */,
			);
			name = PlayableAdsDemoTests;
			productName = PlayableAdsDemoTests;
			productReference = C758B4EF1FAFFBC8009CE8E9 /* PlayableAdsDemoTests.xctest */;
			productType = "com.apple.product-type.bundle.unit-test";
		};
/* End PBXNativeTarget section */

/* Begin PBXProject section */
		C758B4CF1FAFFBC8009CE8E9 /* Project object */ = {
			isa = PBXProject;
			attributes = {
				LastUpgradeCheck = 0900;
				ORGANIZATIONNAME = lgd;
				TargetAttributes = {
					C758B4D61FAFFBC8009CE8E9 = {
						CreatedOnToolsVersion = 9.0;
						ProvisioningStyle = Automatic;
					};
					C758B4EE1FAFFBC8009CE8E9 = {
						CreatedOnToolsVersion = 9.0;
						ProvisioningStyle = Automatic;
						TestTargetID = C758B4D61FAFFBC8009CE8E9;
					};
				};
			};
			buildConfigurationList = C758B4D21FAFFBC8009CE8E9 /* Build configuration list for PBXProject "PlayableAdsDemo" */;
			compatibilityVersion = "Xcode 8.0";
			developmentRegion = en;
			hasScannedForEncodings = 0;
			knownRegions = (
				en,
				Base,
			);
			mainGroup = C758B4CE1FAFFBC8009CE8E9;
			productRefGroup = C758B4D81FAFFBC8009CE8E9 /* Products */;
			projectDirPath = "";
			projectRoot = "";
			targets = (
				C758B4D61FAFFBC8009CE8E9 /* PlayableAdsDemo */,
				C758B4EE1FAFFBC8009CE8E9 /* PlayableAdsDemoTests */,
			);
		};
/* End PBXProject section */

/* Begin PBXResourcesBuildPhase section */
		C758B4D51FAFFBC8009CE8E9 /* Resources */ = {
			isa = PBXResourcesBuildPhase;
			buildActionMask = 2147483647;
			files = (
				C758B4E71FAFFBC8009CE8E9 /* LaunchScreen.storyboard in Resources */,
				C758B4E41FAFFBC8009CE8E9 /* Assets.xcassets in Resources */,
				C758B4E21FAFFBC8009CE8E9 /* Main.storyboard in Resources */,
			);
			runOnlyForDeploymentPostprocessing = 0;
		};
		C758B4ED1FAFFBC8009CE8E9 /* Resources */ = {
			isa = PBXResourcesBuildPhase;
			buildActionMask = 2147483647;
			files = (
			);
			runOnlyForDeploymentPostprocessing = 0;
		};
/* End PBXResourcesBuildPhase section */

/* Begin PBXShellScriptBuildPhase section */
		468C29BAB66323DC9AA23A43 /* [CP] Copy Pods Resources */ = {
			isa = PBXShellScriptBuildPhase;
			buildActionMask = 2147483647;
			files = (
			);
			inputPaths = (
				"${SRCROOT}/Pods/Target Support Files/Pods-PlayableAdsDemo/Pods-PlayableAdsDemo-resources.sh",
				"${PODS_ROOT}/PlayableAds/Resources/ZplayMuteListener.bundle",
			);
			name = "[CP] Copy Pods Resources";
			outputPaths = (
				"${TARGET_BUILD_DIR}/${UNLOCALIZED_RESOURCES_FOLDER_PATH}/ZplayMuteListener.bundle",
			);
			runOnlyForDeploymentPostprocessing = 0;
			shellPath = /bin/sh;
			shellScript = "\"${SRCROOT}/Pods/Target Support Files/Pods-PlayableAdsDemo/Pods-PlayableAdsDemo-resources.sh\"\n";
			showEnvVarsInLog = 0;
		};
		A368ED822D5820E4C2F685CA /* [CP] Check Pods Manifest.lock */ = {
			isa = PBXShellScriptBuildPhase;
			buildActionMask = 2147483647;
			files = (
			);
			inputPaths = (
				"${PODS_PODFILE_DIR_PATH}/Podfile.lock",
				"${PODS_ROOT}/Manifest.lock",
			);
			name = "[CP] Check Pods Manifest.lock";
			outputPaths = (
				"$(DERIVED_FILE_DIR)/Pods-PlayableAdsDemo-checkManifestLockResult.txt",
			);
			runOnlyForDeploymentPostprocessing = 0;
			shellPath = /bin/sh;
			shellScript = "diff \"${PODS_PODFILE_DIR_PATH}/Podfile.lock\" \"${PODS_ROOT}/Manifest.lock\" > /dev/null\nif [ $? != 0 ] ; then\n    # print error to STDERR\n    echo \"error: The sandbox is not in sync with the Podfile.lock. Run 'pod install' or update your CocoaPods installation.\" >&2\n    exit 1\nfi\n# This output is used by Xcode 'outputs' to avoid re-running this script phase.\necho \"SUCCESS\" > \"${SCRIPT_OUTPUT_FILE_0}\"\n";
			showEnvVarsInLog = 0;
		};
		BB5D7BCE070F5FD2978011F8 /* [CP] Check Pods Manifest.lock */ = {
			isa = PBXShellScriptBuildPhase;
			buildActionMask = 2147483647;
			files = (
			);
			inputPaths = (
				"${PODS_PODFILE_DIR_PATH}/Podfile.lock",
				"${PODS_ROOT}/Manifest.lock",
			);
			name = "[CP] Check Pods Manifest.lock";
			outputPaths = (
				"$(DERIVED_FILE_DIR)/Pods-PlayableAdsDemoTests-checkManifestLockResult.txt",
			);
			runOnlyForDeploymentPostprocessing = 0;
			shellPath = /bin/sh;
			shellScript = "diff \"${PODS_PODFILE_DIR_PATH}/Podfile.lock\" \"${PODS_ROOT}/Manifest.lock\" > /dev/null\nif [ $? != 0 ] ; then\n    # print error to STDERR\n    echo \"error: The sandbox is not in sync with the Podfile.lock. Run 'pod install' or update your CocoaPods installation.\" >&2\n    exit 1\nfi\n# This output is used by Xcode 'outputs' to avoid re-running this script phase.\necho \"SUCCESS\" > \"${SCRIPT_OUTPUT_FILE_0}\"\n";
			showEnvVarsInLog = 0;
		};
/* End PBXShellScriptBuildPhase section */

/* Begin PBXSourcesBuildPhase section */
		C758B4D31FAFFBC8009CE8E9 /* Sources */ = {
			isa = PBXSourcesBuildPhase;
			buildActionMask = 2147483647;
			files = (
				C758B4DF1FAFFBC8009CE8E9 /* ViewController.m in Sources */,
				C758B4EA1FAFFBC8009CE8E9 /* main.m in Sources */,
				C758B4DC1FAFFBC8009CE8E9 /* AppDelegate.m in Sources */,
			);
			runOnlyForDeploymentPostprocessing = 0;
		};
		C758B4EB1FAFFBC8009CE8E9 /* Sources */ = {
			isa = PBXSourcesBuildPhase;
			buildActionMask = 2147483647;
			files = (
				C758B4F41FAFFBC9009CE8E9 /* PlayableAdsDemoTests.m in Sources */,
			);
			runOnlyForDeploymentPostprocessing = 0;
		};
/* End PBXSourcesBuildPhase section */

/* Begin PBXTargetDependency section */
		C758B4F11FAFFBC9009CE8E9 /* PBXTargetDependency */ = {
			isa = PBXTargetDependency;
			target = C758B4D61FAFFBC8009CE8E9 /* PlayableAdsDemo */;
			targetProxy = C758B4F01FAFFBC9009CE8E9 /* PBXContainerItemProxy */;
		};
/* End PBXTargetDependency section */

/* Begin PBXVariantGroup section */
		C758B4E01FAFFBC8009CE8E9 /* Main.storyboard */ = {
			isa = PBXVariantGroup;
			children = (
				C758B4E11FAFFBC8009CE8E9 /* Base */,
			);
			name = Main.storyboard;
			sourceTree = "<group>";
		};
		C758B4E51FAFFBC8009CE8E9 /* LaunchScreen.storyboard */ = {
			isa = PBXVariantGroup;
			children = (
				C758B4E61FAFFBC8009CE8E9 /* Base */,
			);
			name = LaunchScreen.storyboard;
			sourceTree = "<group>";
		};
/* End PBXVariantGroup section */

/* Begin XCBuildConfiguration section */
		C758B4F61FAFFBC9009CE8E9 /* Debug */ = {
			isa = XCBuildConfiguration;
			buildSettings = {
				ALWAYS_SEARCH_USER_PATHS = NO;
				CLANG_ANALYZER_NONNULL = YES;
				CLANG_ANALYZER_NUMBER_OBJECT_CONVERSION = YES_AGGRESSIVE;
				CLANG_CXX_LANGUAGE_STANDARD = "gnu++14";
				CLANG_CXX_LIBRARY = "libc++";
				CLANG_ENABLE_MODULES = YES;
				CLANG_ENABLE_OBJC_ARC = YES;
				CLANG_WARN_BLOCK_CAPTURE_AUTORELEASING = YES;
				CLANG_WARN_BOOL_CONVERSION = YES;
				CLANG_WARN_COMMA = YES;
				CLANG_WARN_CONSTANT_CONVERSION = YES;
				CLANG_WARN_DIRECT_OBJC_ISA_USAGE = YES_ERROR;
				CLANG_WARN_DOCUMENTATION_COMMENTS = YES;
				CLANG_WARN_EMPTY_BODY = YES;
				CLANG_WARN_ENUM_CONVERSION = YES;
				CLANG_WARN_INFINITE_RECURSION = YES;
				CLANG_WARN_INT_CONVERSION = YES;
				CLANG_WARN_NON_LITERAL_NULL_CONVERSION = YES;
				CLANG_WARN_OBJC_LITERAL_CONVERSION = YES;
				CLANG_WARN_OBJC_ROOT_CLASS = YES_ERROR;
				CLANG_WARN_RANGE_LOOP_ANALYSIS = YES;
				CLANG_WARN_STRICT_PROTOTYPES = YES;
				CLANG_WARN_SUSPICIOUS_MOVE = YES;
				CLANG_WARN_UNGUARDED_AVAILABILITY = YES_AGGRESSIVE;
				CLANG_WARN_UNREACHABLE_CODE = YES;
				CLANG_WARN__DUPLICATE_METHOD_MATCH = YES;
				CODE_SIGN_IDENTITY = "iPhone Developer";
				COPY_PHASE_STRIP = NO;
				DEBUG_INFORMATION_FORMAT = dwarf;
				ENABLE_STRICT_OBJC_MSGSEND = YES;
				ENABLE_TESTABILITY = YES;
				GCC_C_LANGUAGE_STANDARD = gnu11;
				GCC_DYNAMIC_NO_PIC = NO;
				GCC_NO_COMMON_BLOCKS = YES;
				GCC_OPTIMIZATION_LEVEL = 0;
				GCC_PREPROCESSOR_DEFINITIONS = (
					"DEBUG=1",
					"$(inherited)",
				);
				GCC_WARN_64_TO_32_BIT_CONVERSION = YES;
				GCC_WARN_ABOUT_RETURN_TYPE = YES_ERROR;
				GCC_WARN_UNDECLARED_SELECTOR = YES;
				GCC_WARN_UNINITIALIZED_AUTOS = YES_AGGRESSIVE;
				GCC_WARN_UNUSED_FUNCTION = YES;
				GCC_WARN_UNUSED_VARIABLE = YES;
				IPHONEOS_DEPLOYMENT_TARGET = 11.0;
				MTL_ENABLE_DEBUG_INFO = YES;
				ONLY_ACTIVE_ARCH = YES;
				SDKROOT = iphoneos;
			};
			name = Debug;
		};
		C758B4F71FAFFBC9009CE8E9 /* Release */ = {
			isa = XCBuildConfiguration;
			buildSettings = {
				ALWAYS_SEARCH_USER_PATHS = NO;
				CLANG_ANALYZER_NONNULL = YES;
				CLANG_ANALYZER_NUMBER_OBJECT_CONVERSION = YES_AGGRESSIVE;
				CLANG_CXX_LANGUAGE_STANDARD = "gnu++14";
				CLANG_CXX_LIBRARY = "libc++";
				CLANG_ENABLE_MODULES = YES;
				CLANG_ENABLE_OBJC_ARC = YES;
				CLANG_WARN_BLOCK_CAPTURE_AUTORELEASING = YES;
				CLANG_WARN_BOOL_CONVERSION = YES;
				CLANG_WARN_COMMA = YES;
				CLANG_WARN_CONSTANT_CONVERSION = YES;
				CLANG_WARN_DIRECT_OBJC_ISA_USAGE = YES_ERROR;
				CLANG_WARN_DOCUMENTATION_COMMENTS = YES;
				CLANG_WARN_EMPTY_BODY = YES;
				CLANG_WARN_ENUM_CONVERSION = YES;
				CLANG_WARN_INFINITE_RECURSION = YES;
				CLANG_WARN_INT_CONVERSION = YES;
				CLANG_WARN_NON_LITERAL_NULL_CONVERSION = YES;
				CLANG_WARN_OBJC_LITERAL_CONVERSION = YES;
				CLANG_WARN_OBJC_ROOT_CLASS = YES_ERROR;
				CLANG_WARN_RANGE_LOOP_ANALYSIS = YES;
				CLANG_WARN_STRICT_PROTOTYPES = YES;
				CLANG_WARN_SUSPICIOUS_MOVE = YES;
				CLANG_WARN_UNGUARDED_AVAILABILITY = YES_AGGRESSIVE;
				CLANG_WARN_UNREACHABLE_CODE = YES;
				CLANG_WARN__DUPLICATE_METHOD_MATCH = YES;
				CODE_SIGN_IDENTITY = "iPhone Developer";
				COPY_PHASE_STRIP = NO;
				DEBUG_INFORMATION_FORMAT = "dwarf-with-dsym";
				ENABLE_NS_ASSERTIONS = NO;
				ENABLE_STRICT_OBJC_MSGSEND = YES;
				GCC_C_LANGUAGE_STANDARD = gnu11;
				GCC_NO_COMMON_BLOCKS = YES;
				GCC_WARN_64_TO_32_BIT_CONVERSION = YES;
				GCC_WARN_ABOUT_RETURN_TYPE = YES_ERROR;
				GCC_WARN_UNDECLARED_SELECTOR = YES;
				GCC_WARN_UNINITIALIZED_AUTOS = YES_AGGRESSIVE;
				GCC_WARN_UNUSED_FUNCTION = YES;
				GCC_WARN_UNUSED_VARIABLE = YES;
				IPHONEOS_DEPLOYMENT_TARGET = 11.0;
				MTL_ENABLE_DEBUG_INFO = NO;
				SDKROOT = iphoneos;
				VALIDATE_PRODUCT = YES;
			};
			name = Release;
		};
		C758B4F91FAFFBC9009CE8E9 /* Debug */ = {
			isa = XCBuildConfiguration;
			baseConfigurationReference = 09CF04BC11D43444CFDEB811 /* Pods-PlayableAdsDemo.debug.xcconfig */;
			buildSettings = {
				ASSETCATALOG_COMPILER_APPICON_NAME = AppIcon;
				"CODE_SIGN_IDENTITY[sdk=iphoneos*]" = "iPhone Developer";
				CODE_SIGN_STYLE = Automatic;
				DEVELOPMENT_TEAM = VG25A6M88T;
				INFOPLIST_FILE = PlayableAdsDemo/Info.plist;
				IPHONEOS_DEPLOYMENT_TARGET = 8.0;
				LD_RUNPATH_SEARCH_PATHS = "$(inherited) @executable_path/Frameworks";
				PRODUCT_BUNDLE_IDENTIFIER = com.zplay.PlayableAdsDemo;
				PRODUCT_NAME = "$(TARGET_NAME)";
				PROVISIONING_PROFILE = "";
				PROVISIONING_PROFILE_SPECIFIER = "";
				TARGETED_DEVICE_FAMILY = "1,2";
			};
			name = Debug;
		};
		C758B4FA1FAFFBC9009CE8E9 /* Release */ = {
			isa = XCBuildConfiguration;
			baseConfigurationReference = 70511BFC20E9C25FCA44C77C /* Pods-PlayableAdsDemo.release.xcconfig */;
			buildSettings = {
				ASSETCATALOG_COMPILER_APPICON_NAME = AppIcon;
				"CODE_SIGN_IDENTITY[sdk=iphoneos*]" = "iPhone Developer";
				CODE_SIGN_STYLE = Automatic;
				DEVELOPMENT_TEAM = VG25A6M88T;
				INFOPLIST_FILE = PlayableAdsDemo/Info.plist;
				IPHONEOS_DEPLOYMENT_TARGET = 8.0;
				LD_RUNPATH_SEARCH_PATHS = "$(inherited) @executable_path/Frameworks";
				PRODUCT_BUNDLE_IDENTIFIER = com.zplay.PlayableAdsDemo;
				PRODUCT_NAME = "$(TARGET_NAME)";
				PROVISIONING_PROFILE_SPECIFIER = "";
				TARGETED_DEVICE_FAMILY = "1,2";
			};
			name = Release;
		};
		C758B4FC1FAFFBC9009CE8E9 /* Debug */ = {
			isa = XCBuildConfiguration;
			baseConfigurationReference = 136CA88829B5A679859D6775 /* Pods-PlayableAdsDemoTests.debug.xcconfig */;
			buildSettings = {
				BUNDLE_LOADER = "$(TEST_HOST)";
				CODE_SIGN_STYLE = Automatic;
				DEVELOPMENT_TEAM = 5QP2NLJB42;
				INFOPLIST_FILE = PlayableAdsDemoTests/Info.plist;
				LD_RUNPATH_SEARCH_PATHS = "$(inherited) @executable_path/Frameworks @loader_path/Frameworks";
				PRODUCT_BUNDLE_IDENTIFIER = com.zplay.PlayableAdsDemoTests;
				PRODUCT_NAME = "$(TARGET_NAME)";
				TARGETED_DEVICE_FAMILY = "1,2";
				TEST_HOST = "$(BUILT_PRODUCTS_DIR)/PlayableAdsDemo.app/PlayableAdsDemo";
			};
			name = Debug;
		};
		C758B4FD1FAFFBC9009CE8E9 /* Release */ = {
			isa = XCBuildConfiguration;
			baseConfigurationReference = F8B0025C7264694452126BE0 /* Pods-PlayableAdsDemoTests.release.xcconfig */;
			buildSettings = {
				BUNDLE_LOADER = "$(TEST_HOST)";
				CODE_SIGN_STYLE = Automatic;
				DEVELOPMENT_TEAM = 5QP2NLJB42;
				INFOPLIST_FILE = PlayableAdsDemoTests/Info.plist;
				LD_RUNPATH_SEARCH_PATHS = "$(inherited) @executable_path/Frameworks @loader_path/Frameworks";
				PRODUCT_BUNDLE_IDENTIFIER = com.zplay.PlayableAdsDemoTests;
				PRODUCT_NAME = "$(TARGET_NAME)";
				TARGETED_DEVICE_FAMILY = "1,2";
				TEST_HOST = "$(BUILT_PRODUCTS_DIR)/PlayableAdsDemo.app/PlayableAdsDemo";
			};
			name = Release;
		};
/* End XCBuildConfiguration section */

/* Begin XCConfigurationList section */
		C758B4D21FAFFBC8009CE8E9 /* Build configuration list for PBXProject "PlayableAdsDemo" */ = {
			isa = XCConfigurationList;
			buildConfigurations = (
				C758B4F61FAFFBC9009CE8E9 /* Debug */,
				C758B4F71FAFFBC9009CE8E9 /* Release */,
			);
			defaultConfigurationIsVisible = 0;
			defaultConfigurationName = Release;
		};
		C758B4F81FAFFBC9009CE8E9 /* Build configuration list for PBXNativeTarget "PlayableAdsDemo" */ = {
			isa = XCConfigurationList;
			buildConfigurations = (
				C758B4F91FAFFBC9009CE8E9 /* Debug */,
				C758B4FA1FAFFBC9009CE8E9 /* Release */,
			);
			defaultConfigurationIsVisible = 0;
			defaultConfigurationName = Release;
		};
		C758B4FB1FAFFBC9009CE8E9 /* Build configuration list for PBXNativeTarget "PlayableAdsDemoTests" */ = {
			isa = XCConfigurationList;
			buildConfigurations = (
				C758B4FC1FAFFBC9009CE8E9 /* Debug */,
				C758B4FD1FAFFBC9009CE8E9 /* Release */,
			);
			defaultConfigurationIsVisible = 0;
			defaultConfigurationName = Release;
		};
/* End XCConfigurationList section */
	};
	rootObject = C758B4CF1FAFFBC8009CE8E9 /* Project object */;
}
